// !$*UTF8*$!
{
	archiveVersion = 1;
	classes = {
	};
	objectVersion = 46;
	objects = {

/* Begin PBXBuildFile section */
		C03257091D995B5F0023BD42 /* TaskTableViewCell.swift in Sources */ = {isa = PBXBuildFile; fileRef = C03257081D995B5F0023BD42 /* TaskTableViewCell.swift */; };
		C032570B1D995E220023BD42 /* Configuracion.swift in Sources */ = {isa = PBXBuildFile; fileRef = C032570A1D995E220023BD42 /* Configuracion.swift */; };
		C056D99A1DA2A67D00F234EB /* HistoricoViewController.swift in Sources */ = {isa = PBXBuildFile; fileRef = C056D9991DA2A67D00F234EB /* HistoricoViewController.swift */; };
		C056D99C1DA2BA5000F234EB /* HistoricoTableViewCell.swift in Sources */ = {isa = PBXBuildFile; fileRef = C056D99B1DA2BA5000F234EB /* HistoricoTableViewCell.swift */; };
		C0A5E1F11D905F4D00B66568 /* AppDelegate.swift in Sources */ = {isa = PBXBuildFile; fileRef = C0A5E1F01D905F4D00B66568 /* AppDelegate.swift */; };
		C0A5E1F31D905F4D00B66568 /* ViewController.swift in Sources */ = {isa = PBXBuildFile; fileRef = C0A5E1F21D905F4D00B66568 /* ViewController.swift */; };
		C0A5E1F61D905F4D00B66568 /* Main.storyboard in Resources */ = {isa = PBXBuildFile; fileRef = C0A5E1F41D905F4D00B66568 /* Main.storyboard */; };
		C0A5E1F81D905F4D00B66568 /* Assets.xcassets in Resources */ = {isa = PBXBuildFile; fileRef = C0A5E1F71D905F4D00B66568 /* Assets.xcassets */; };
		C0C2150A1DB149A900CACF66 /* Launch Screen.storyboard in Resources */ = {isa = PBXBuildFile; fileRef = C0C215091DB149A900CACF66 /* Launch Screen.storyboard */; };
		C0C7AA5D1D9AAC9A00060885 /* Tarea.swift in Sources */ = {isa = PBXBuildFile; fileRef = C0C7AA5C1D9AAC9A00060885 /* Tarea.swift */; };
		C0C7AA5F1D9AACAC00060885 /* Ocurrencia.swift in Sources */ = {isa = PBXBuildFile; fileRef = C0C7AA5E1D9AACAC00060885 /* Ocurrencia.swift */; };
		C0C7AA631D9AAFCD00060885 /* TaskDatabase.swift in Sources */ = {isa = PBXBuildFile; fileRef = C0C7AA621D9AAFCD00060885 /* TaskDatabase.swift */; };
		C0C7AA671D9ACD2900060885 /* libsqlite3.tbd in Frameworks */ = {isa = PBXBuildFile; fileRef = C0C7AA661D9ACD2900060885 /* libsqlite3.tbd */; };
		C0C7AA691D9ACDDF00060885 /* libsqlite3.0.tbd in Frameworks */ = {isa = PBXBuildFile; fileRef = C0C7AA681D9ACDDF00060885 /* libsqlite3.0.tbd */; };
		C0C7AA851D9ACEBE00060885 /* FMDatabase.m in Sources */ = {isa = PBXBuildFile; fileRef = C0C7AA7B1D9ACEBE00060885 /* FMDatabase.m */; };
		C0C7AA861D9ACEBE00060885 /* FMDatabaseAdditions.m in Sources */ = {isa = PBXBuildFile; fileRef = C0C7AA7D1D9ACEBE00060885 /* FMDatabaseAdditions.m */; };
		C0C7AA871D9ACEBE00060885 /* FMDatabasePool.m in Sources */ = {isa = PBXBuildFile; fileRef = C0C7AA7F1D9ACEBE00060885 /* FMDatabasePool.m */; };
		C0C7AA881D9ACEBE00060885 /* FMDatabaseQueue.m in Sources */ = {isa = PBXBuildFile; fileRef = C0C7AA811D9ACEBE00060885 /* FMDatabaseQueue.m */; };
		C0C7AA891D9ACEBE00060885 /* FMResultSet.m in Sources */ = {isa = PBXBuildFile; fileRef = C0C7AA841D9ACEBE00060885 /* FMResultSet.m */; };
		C0C7AA8F1D9AD5FE00060885 /* Fecha.swift in Sources */ = {isa = PBXBuildFile; fileRef = C0C7AA8D1D9AD5FE00060885 /* Fecha.swift */; };
		C0E488D21D9D572600892214 /* Reloj.swift in Sources */ = {isa = PBXBuildFile; fileRef = C0E488D11D9D572600892214 /* Reloj.swift */; };
		C0E6E4E21D9C05280076D2BD /* MGSwipeButton.m in Sources */ = {isa = PBXBuildFile; fileRef = C0E6E4DF1D9C05280076D2BD /* MGSwipeButton.m */; };
		C0E6E4E31D9C05280076D2BD /* MGSwipeTableCell.m in Sources */ = {isa = PBXBuildFile; fileRef = C0E6E4E11D9C05280076D2BD /* MGSwipeTableCell.m */; };
		C0E8A3FB1D9975240054C0B0 /* TPKeyboardAvoidingScrollView.m in Sources */ = {isa = PBXBuildFile; fileRef = C0E8A3FA1D9975240054C0B0 /* TPKeyboardAvoidingScrollView.m */; };
		C0E8A3FF1D99756F0054C0B0 /* UIScrollView+TPKeyboardAvoidingAdditions.m in Sources */ = {isa = PBXBuildFile; fileRef = C0E8A3FE1D99756F0054C0B0 /* UIScrollView+TPKeyboardAvoidingAdditions.m */; };
		C0E8A4011D9976DF0054C0B0 /* NuevaTareaViewController.swift in Sources */ = {isa = PBXBuildFile; fileRef = C0E8A4001D9976DF0054C0B0 /* NuevaTareaViewController.swift */; };
		C0E8A4031D99820D0054C0B0 /* StringExtensions.swift in Sources */ = {isa = PBXBuildFile; fileRef = C0E8A4021D99820D0054C0B0 /* StringExtensions.swift */; };
		C0E8A4081D9985120054C0B0 /* Localizable.strings in Resources */ = {isa = PBXBuildFile; fileRef = C0E8A40A1D9985120054C0B0 /* Localizable.strings */; };
		C0E8A4111D999E650054C0B0 /* VistaRedondeada.swift in Sources */ = {isa = PBXBuildFile; fileRef = C0E8A4101D999E650054C0B0 /* VistaRedondeada.swift */; };
/* End PBXBuildFile section */

/* Begin PBXFileReference section */
		C03257081D995B5F0023BD42 /* TaskTableViewCell.swift */ = {isa = PBXFileReference; fileEncoding = 4; lastKnownFileType = sourcecode.swift; path = TaskTableViewCell.swift; sourceTree = "<group>"; };
		C032570A1D995E220023BD42 /* Configuracion.swift */ = {isa = PBXFileReference; fileEncoding = 4; lastKnownFileType = sourcecode.swift; name = Configuracion.swift; path = ../Configuracion.swift; sourceTree = "<group>"; };
		C056D9991DA2A67D00F234EB /* HistoricoViewController.swift */ = {isa = PBXFileReference; fileEncoding = 4; lastKnownFileType = sourcecode.swift; path = HistoricoViewController.swift; sourceTree = "<group>"; };
		C056D99B1DA2BA5000F234EB /* HistoricoTableViewCell.swift */ = {isa = PBXFileReference; fileEncoding = 4; lastKnownFileType = sourcecode.swift; path = HistoricoTableViewCell.swift; sourceTree = "<group>"; };
		C0A5E1ED1D905F4D00B66568 /* cronoTask.app */ = {isa = PBXFileReference; explicitFileType = wrapper.application; includeInIndex = 0; path = cronoTask.app; sourceTree = BUILT_PRODUCTS_DIR; };
		C0A5E1F01D905F4D00B66568 /* AppDelegate.swift */ = {isa = PBXFileReference; lastKnownFileType = sourcecode.swift; path = AppDelegate.swift; sourceTree = "<group>"; };
		C0A5E1F21D905F4D00B66568 /* ViewController.swift */ = {isa = PBXFileReference; lastKnownFileType = sourcecode.swift; path = ViewController.swift; sourceTree = "<group>"; };
		C0A5E1F51D905F4D00B66568 /* Base */ = {isa = PBXFileReference; lastKnownFileType = file.storyboard; name = Base; path = Base.lproj/Main.storyboard; sourceTree = "<group>"; };
		C0A5E1F71D905F4D00B66568 /* Assets.xcassets */ = {isa = PBXFileReference; lastKnownFileType = folder.assetcatalog; path = Assets.xcassets; sourceTree = "<group>"; };
		C0A5E1FC1D905F4D00B66568 /* Info.plist */ = {isa = PBXFileReference; lastKnownFileType = text.plist.xml; path = Info.plist; sourceTree = "<group>"; };
		C0C215091DB149A900CACF66 /* Launch Screen.storyboard */ = {isa = PBXFileReference; fileEncoding = 4; lastKnownFileType = file.storyboard; name = "Launch Screen.storyboard"; path = "../Launch Screen.storyboard"; sourceTree = "<group>"; };
		C0C7AA5C1D9AAC9A00060885 /* Tarea.swift */ = {isa = PBXFileReference; fileEncoding = 4; lastKnownFileType = sourcecode.swift; path = Tarea.swift; sourceTree = "<group>"; };
		C0C7AA5E1D9AACAC00060885 /* Ocurrencia.swift */ = {isa = PBXFileReference; fileEncoding = 4; lastKnownFileType = sourcecode.swift; path = Ocurrencia.swift; sourceTree = "<group>"; };
		C0C7AA621D9AAFCD00060885 /* TaskDatabase.swift */ = {isa = PBXFileReference; fileEncoding = 4; lastKnownFileType = sourcecode.swift; path = TaskDatabase.swift; sourceTree = "<group>"; };
		C0C7AA661D9ACD2900060885 /* libsqlite3.tbd */ = {isa = PBXFileReference; lastKnownFileType = "sourcecode.text-based-dylib-definition"; name = libsqlite3.tbd; path = usr/lib/libsqlite3.tbd; sourceTree = SDKROOT; };
		C0C7AA681D9ACDDF00060885 /* libsqlite3.0.tbd */ = {isa = PBXFileReference; lastKnownFileType = "sourcecode.text-based-dylib-definition"; name = libsqlite3.0.tbd; path = usr/lib/libsqlite3.0.tbd; sourceTree = SDKROOT; };
		C0C7AA7A1D9ACEBE00060885 /* FMDatabase.h */ = {isa = PBXFileReference; fileEncoding = 4; lastKnownFileType = sourcecode.c.h; path = FMDatabase.h; sourceTree = "<group>"; };
		C0C7AA7B1D9ACEBE00060885 /* FMDatabase.m */ = {isa = PBXFileReference; fileEncoding = 4; lastKnownFileType = sourcecode.c.objc; path = FMDatabase.m; sourceTree = "<group>"; };
		C0C7AA7C1D9ACEBE00060885 /* FMDatabaseAdditions.h */ = {isa = PBXFileReference; fileEncoding = 4; lastKnownFileType = sourcecode.c.h; path = FMDatabaseAdditions.h; sourceTree = "<group>"; };
		C0C7AA7D1D9ACEBE00060885 /* FMDatabaseAdditions.m */ = {isa = PBXFileReference; fileEncoding = 4; lastKnownFileType = sourcecode.c.objc; path = FMDatabaseAdditions.m; sourceTree = "<group>"; };
		C0C7AA7E1D9ACEBE00060885 /* FMDatabasePool.h */ = {isa = PBXFileReference; fileEncoding = 4; lastKnownFileType = sourcecode.c.h; path = FMDatabasePool.h; sourceTree = "<group>"; };
		C0C7AA7F1D9ACEBE00060885 /* FMDatabasePool.m */ = {isa = PBXFileReference; fileEncoding = 4; lastKnownFileType = sourcecode.c.objc; path = FMDatabasePool.m; sourceTree = "<group>"; };
		C0C7AA801D9ACEBE00060885 /* FMDatabaseQueue.h */ = {isa = PBXFileReference; fileEncoding = 4; lastKnownFileType = sourcecode.c.h; path = FMDatabaseQueue.h; sourceTree = "<group>"; };
		C0C7AA811D9ACEBE00060885 /* FMDatabaseQueue.m */ = {isa = PBXFileReference; fileEncoding = 4; lastKnownFileType = sourcecode.c.objc; path = FMDatabaseQueue.m; sourceTree = "<group>"; };
		C0C7AA821D9ACEBE00060885 /* FMDB.h */ = {isa = PBXFileReference; fileEncoding = 4; lastKnownFileType = sourcecode.c.h; path = FMDB.h; sourceTree = "<group>"; };
		C0C7AA831D9ACEBE00060885 /* FMResultSet.h */ = {isa = PBXFileReference; fileEncoding = 4; lastKnownFileType = sourcecode.c.h; path = FMResultSet.h; sourceTree = "<group>"; };
		C0C7AA841D9ACEBE00060885 /* FMResultSet.m */ = {isa = PBXFileReference; fileEncoding = 4; lastKnownFileType = sourcecode.c.objc; path = FMResultSet.m; sourceTree = "<group>"; };
		C0C7AA8D1D9AD5FE00060885 /* Fecha.swift */ = {isa = PBXFileReference; fileEncoding = 4; lastKnownFileType = sourcecode.swift; path = Fecha.swift; sourceTree = "<group>"; };
		C0E488D11D9D572600892214 /* Reloj.swift */ = {isa = PBXFileReference; fileEncoding = 4; lastKnownFileType = sourcecode.swift; path = Reloj.swift; sourceTree = "<group>"; };
		C0E6E4DE1D9C05280076D2BD /* MGSwipeButton.h */ = {isa = PBXFileReference; fileEncoding = 4; lastKnownFileType = sourcecode.c.h; path = MGSwipeButton.h; sourceTree = "<group>"; };
		C0E6E4DF1D9C05280076D2BD /* MGSwipeButton.m */ = {isa = PBXFileReference; fileEncoding = 4; lastKnownFileType = sourcecode.c.objc; path = MGSwipeButton.m; sourceTree = "<group>"; };
		C0E6E4E01D9C05280076D2BD /* MGSwipeTableCell.h */ = {isa = PBXFileReference; fileEncoding = 4; lastKnownFileType = sourcecode.c.h; path = MGSwipeTableCell.h; sourceTree = "<group>"; };
		C0E6E4E11D9C05280076D2BD /* MGSwipeTableCell.m */ = {isa = PBXFileReference; fileEncoding = 4; lastKnownFileType = sourcecode.c.objc; path = MGSwipeTableCell.m; sourceTree = "<group>"; };
		C0E8A3F81D9975230054C0B0 /* cronoTask-Bridging-Header.h */ = {isa = PBXFileReference; lastKnownFileType = sourcecode.c.h; path = "cronoTask-Bridging-Header.h"; sourceTree = "<group>"; };
		C0E8A3F91D9975240054C0B0 /* TPKeyboardAvoidingScrollView.h */ = {isa = PBXFileReference; fileEncoding = 4; lastKnownFileType = sourcecode.c.h; path = TPKeyboardAvoidingScrollView.h; sourceTree = "<group>"; };
		C0E8A3FA1D9975240054C0B0 /* TPKeyboardAvoidingScrollView.m */ = {isa = PBXFileReference; fileEncoding = 4; lastKnownFileType = sourcecode.c.objc; path = TPKeyboardAvoidingScrollView.m; sourceTree = "<group>"; };
		C0E8A3FD1D99756F0054C0B0 /* UIScrollView+TPKeyboardAvoidingAdditions.h */ = {isa = PBXFileReference; fileEncoding = 4; lastKnownFileType = sourcecode.c.h; path = "UIScrollView+TPKeyboardAvoidingAdditions.h"; sourceTree = "<group>"; };
		C0E8A3FE1D99756F0054C0B0 /* UIScrollView+TPKeyboardAvoidingAdditions.m */ = {isa = PBXFileReference; fileEncoding = 4; lastKnownFileType = sourcecode.c.objc; path = "UIScrollView+TPKeyboardAvoidingAdditions.m"; sourceTree = "<group>"; };
		C0E8A4001D9976DF0054C0B0 /* NuevaTareaViewController.swift */ = {isa = PBXFileReference; fileEncoding = 4; lastKnownFileType = sourcecode.swift; path = NuevaTareaViewController.swift; sourceTree = "<group>"; };
		C0E8A4021D99820D0054C0B0 /* StringExtensions.swift */ = {isa = PBXFileReference; fileEncoding = 4; lastKnownFileType = sourcecode.swift; path = StringExtensions.swift; sourceTree = "<group>"; };
		C0E8A40C1D9985320054C0B0 /* en */ = {isa = PBXFileReference; lastKnownFileType = text.plist.strings; name = en; path = en.lproj/Localizable.strings; sourceTree = "<group>"; };
		C0E8A40F1D9985DC0054C0B0 /* es */ = {isa = PBXFileReference; lastKnownFileType = text.plist.strings; name = es; path = es.lproj/Localizable.strings; sourceTree = "<group>"; };
		C0E8A4101D999E650054C0B0 /* VistaRedondeada.swift */ = {isa = PBXFileReference; fileEncoding = 4; lastKnownFileType = sourcecode.swift; path = VistaRedondeada.swift; sourceTree = "<group>"; };
/* End PBXFileReference section */

/* Begin PBXFrameworksBuildPhase section */
		C0A5E1EA1D905F4D00B66568 /* Frameworks */ = {
			isa = PBXFrameworksBuildPhase;
			buildActionMask = 2147483647;
			files = (
				C0C7AA691D9ACDDF00060885 /* libsqlite3.0.tbd in Frameworks */,
				C0C7AA671D9ACD2900060885 /* libsqlite3.tbd in Frameworks */,
			);
			runOnlyForDeploymentPostprocessing = 0;
		};
/* End PBXFrameworksBuildPhase section */

/* Begin PBXGroup section */
		C056D99D1DA2BA7A00F234EB /* Clases Externas */ = {
			isa = PBXGroup;
			children = (
				C0E6E4E41D9C05340076D2BD /* MGSwipeCell */,
				C0C7AA8B1D9ACF0200060885 /* FMDB */,
				C0E8A3FC1D9975300054C0B0 /* TPKeyboardAvoiding */,
			);
			name = "Clases Externas";
			sourceTree = "<group>";
		};
		C056D99E1DA2BABC00F234EB /* Pantalla Principal */ = {
			isa = PBXGroup;
			children = (
				C0A5E1F21D905F4D00B66568 /* ViewController.swift */,
				C03257081D995B5F0023BD42 /* TaskTableViewCell.swift */,
			);
			name = "Pantalla Principal";
			sourceTree = "<group>";
		};
		C056D99F1DA2BACD00F234EB /* Pantalla Historico */ = {
			isa = PBXGroup;
			children = (
				C056D9991DA2A67D00F234EB /* HistoricoViewController.swift */,
				C056D99B1DA2BA5000F234EB /* HistoricoTableViewCell.swift */,
			);
			name = "Pantalla Historico";
			sourceTree = "<group>";
		};
		C056D9A01DA2BAE500F234EB /* Pantalla Nueva Tarea */ = {
			isa = PBXGroup;
			children = (
				C0E8A4101D999E650054C0B0 /* VistaRedondeada.swift */,
				C0E8A4001D9976DF0054C0B0 /* NuevaTareaViewController.swift */,
			);
			name = "Pantalla Nueva Tarea";
			sourceTree = "<group>";
		};
		C0A5E1E41D905F4D00B66568 = {
			isa = PBXGroup;
			children = (
				C0A5E1EF1D905F4D00B66568 /* cronoTask */,
				C0A5E1EE1D905F4D00B66568 /* Products */,
				C0C7AA651D9ACD2900060885 /* Frameworks */,
			);
			sourceTree = "<group>";
		};
		C0A5E1EE1D905F4D00B66568 /* Products */ = {
			isa = PBXGroup;
			children = (
				C0A5E1ED1D905F4D00B66568 /* cronoTask.app */,
			);
			name = Products;
			sourceTree = "<group>";
		};
		C0A5E1EF1D905F4D00B66568 /* cronoTask */ = {
			isa = PBXGroup;
			children = (
				C056D99D1DA2BA7A00F234EB /* Clases Externas */,
				C0C7AA641D9AAFDC00060885 /* bbdd */,
				C0A5E1F01D905F4D00B66568 /* AppDelegate.swift */,
				C032570A1D995E220023BD42 /* Configuracion.swift */,
				C0C7AA8D1D9AD5FE00060885 /* Fecha.swift */,
				C056D99E1DA2BABC00F234EB /* Pantalla Principal */,
				C056D9A01DA2BAE500F234EB /* Pantalla Nueva Tarea */,
				C056D99F1DA2BACD00F234EB /* Pantalla Historico */,
				C0A5E1F41D905F4D00B66568 /* Main.storyboard */,
				C0C215091DB149A900CACF66 /* Launch Screen.storyboard */,
				C0E8A4021D99820D0054C0B0 /* StringExtensions.swift */,
				C0A5E1F71D905F4D00B66568 /* Assets.xcassets */,
				C0A5E1FC1D905F4D00B66568 /* Info.plist */,
				C0E8A3F81D9975230054C0B0 /* cronoTask-Bridging-Header.h */,
				C0E8A40A1D9985120054C0B0 /* Localizable.strings */,
			);
			path = cronoTask;
			sourceTree = "<group>";
		};
		C0C7AA641D9AAFDC00060885 /* bbdd */ = {
			isa = PBXGroup;
			children = (
				C0C7AA5C1D9AAC9A00060885 /* Tarea.swift */,
				C0C7AA5E1D9AACAC00060885 /* Ocurrencia.swift */,
				C0E488D11D9D572600892214 /* Reloj.swift */,
				C0C7AA621D9AAFCD00060885 /* TaskDatabase.swift */,
			);
			name = bbdd;
			sourceTree = "<group>";
		};
		C0C7AA651D9ACD2900060885 /* Frameworks */ = {
			isa = PBXGroup;
			children = (
				C0C7AA681D9ACDDF00060885 /* libsqlite3.0.tbd */,
				C0C7AA661D9ACD2900060885 /* libsqlite3.tbd */,
			);
			name = Frameworks;
			sourceTree = "<group>";
		};
		C0C7AA8B1D9ACF0200060885 /* FMDB */ = {
			isa = PBXGroup;
			children = (
				C0C7AA7A1D9ACEBE00060885 /* FMDatabase.h */,
				C0C7AA7B1D9ACEBE00060885 /* FMDatabase.m */,
				C0C7AA7C1D9ACEBE00060885 /* FMDatabaseAdditions.h */,
				C0C7AA7D1D9ACEBE00060885 /* FMDatabaseAdditions.m */,
				C0C7AA7E1D9ACEBE00060885 /* FMDatabasePool.h */,
				C0C7AA7F1D9ACEBE00060885 /* FMDatabasePool.m */,
				C0C7AA801D9ACEBE00060885 /* FMDatabaseQueue.h */,
				C0C7AA811D9ACEBE00060885 /* FMDatabaseQueue.m */,
				C0C7AA821D9ACEBE00060885 /* FMDB.h */,
				C0C7AA831D9ACEBE00060885 /* FMResultSet.h */,
				C0C7AA841D9ACEBE00060885 /* FMResultSet.m */,
			);
			name = FMDB;
			sourceTree = "<group>";
		};
		C0E6E4E41D9C05340076D2BD /* MGSwipeCell */ = {
			isa = PBXGroup;
			children = (
				C0E6E4DE1D9C05280076D2BD /* MGSwipeButton.h */,
				C0E6E4DF1D9C05280076D2BD /* MGSwipeButton.m */,
				C0E6E4E01D9C05280076D2BD /* MGSwipeTableCell.h */,
				C0E6E4E11D9C05280076D2BD /* MGSwipeTableCell.m */,
			);
			name = MGSwipeCell;
			sourceTree = "<group>";
		};
		C0E8A3FC1D9975300054C0B0 /* TPKeyboardAvoiding */ = {
			isa = PBXGroup;
			children = (
				C0E8A3FD1D99756F0054C0B0 /* UIScrollView+TPKeyboardAvoidingAdditions.h */,
				C0E8A3FE1D99756F0054C0B0 /* UIScrollView+TPKeyboardAvoidingAdditions.m */,
				C0E8A3F91D9975240054C0B0 /* TPKeyboardAvoidingScrollView.h */,
				C0E8A3FA1D9975240054C0B0 /* TPKeyboardAvoidingScrollView.m */,
			);
			name = TPKeyboardAvoiding;
			sourceTree = "<group>";
		};
/* End PBXGroup section */

/* Begin PBXNativeTarget section */
		C0A5E1EC1D905F4D00B66568 /* cronoTask */ = {
			isa = PBXNativeTarget;
			buildConfigurationList = C0A5E1FF1D905F4D00B66568 /* Build configuration list for PBXNativeTarget "cronoTask" */;
			buildPhases = (
				C0A5E1E91D905F4D00B66568 /* Sources */,
				C0A5E1EA1D905F4D00B66568 /* Frameworks */,
				C0A5E1EB1D905F4D00B66568 /* Resources */,
			);
			buildRules = (
			);
			dependencies = (
			);
			name = cronoTask;
			productName = cronoTask;
			productReference = C0A5E1ED1D905F4D00B66568 /* cronoTask.app */;
			productType = "com.apple.product-type.application";
		};
/* End PBXNativeTarget section */

/* Begin PBXProject section */
		C0A5E1E51D905F4D00B66568 /* Project object */ = {
			isa = PBXProject;
			attributes = {
				LastSwiftUpdateCheck = 0730;
				LastUpgradeCheck = 0800;
				ORGANIZATIONNAME = "Alberto Banet Masa";
				TargetAttributes = {
					C0A5E1EC1D905F4D00B66568 = {
						CreatedOnToolsVersion = 7.3.1;
						DevelopmentTeam = FLU98JG66T;
						LastSwiftMigration = 0800;
					};
				};
			};
			buildConfigurationList = C0A5E1E81D905F4D00B66568 /* Build configuration list for PBXProject "cronoTask" */;
			compatibilityVersion = "Xcode 3.2";
			developmentRegion = English;
			hasScannedForEncodings = 0;
			knownRegions = (
				en,
				Base,
				es,
			);
			mainGroup = C0A5E1E41D905F4D00B66568;
			productRefGroup = C0A5E1EE1D905F4D00B66568 /* Products */;
			projectDirPath = "";
			projectRoot = "";
			targets = (
				C0A5E1EC1D905F4D00B66568 /* cronoTask */,
			);
		};
/* End PBXProject section */

/* Begin PBXResourcesBuildPhase section */
		C0A5E1EB1D905F4D00B66568 /* Resources */ = {
			isa = PBXResourcesBuildPhase;
			buildActionMask = 2147483647;
			files = (
				C0E8A4081D9985120054C0B0 /* Localizable.strings in Resources */,
				C0A5E1F81D905F4D00B66568 /* Assets.xcassets in Resources */,
				C0C2150A1DB149A900CACF66 /* Launch Screen.storyboard in Resources */,
				C0A5E1F61D905F4D00B66568 /* Main.storyboard in Resources */,
			);
			runOnlyForDeploymentPostprocessing = 0;
		};
/* End PBXResourcesBuildPhase section */

/* Begin PBXSourcesBuildPhase section */
		C0A5E1E91D905F4D00B66568 /* Sources */ = {
			isa = PBXSourcesBuildPhase;
			buildActionMask = 2147483647;
			files = (
				C0E8A4031D99820D0054C0B0 /* StringExtensions.swift in Sources */,
				C0A5E1F31D905F4D00B66568 /* ViewController.swift in Sources */,
				C0E488D21D9D572600892214 /* Reloj.swift in Sources */,
				C0C7AA851D9ACEBE00060885 /* FMDatabase.m in Sources */,
				C0E8A3FF1D99756F0054C0B0 /* UIScrollView+TPKeyboardAvoidingAdditions.m in Sources */,
				C0C7AA8F1D9AD5FE00060885 /* Fecha.swift in Sources */,
				C0E8A3FB1D9975240054C0B0 /* TPKeyboardAvoidingScrollView.m in Sources */,
				C032570B1D995E220023BD42 /* Configuracion.swift in Sources */,
				C0C7AA891D9ACEBE00060885 /* FMResultSet.m in Sources */,
				C056D99A1DA2A67D00F234EB /* HistoricoViewController.swift in Sources */,
				C0E8A4111D999E650054C0B0 /* VistaRedondeada.swift in Sources */,
				C056D99C1DA2BA5000F234EB /* HistoricoTableViewCell.swift in Sources */,
				C0E6E4E31D9C05280076D2BD /* MGSwipeTableCell.m in Sources */,
				C0E6E4E21D9C05280076D2BD /* MGSwipeButton.m in Sources */,
				C0E8A4011D9976DF0054C0B0 /* NuevaTareaViewController.swift in Sources */,
				C0A5E1F11D905F4D00B66568 /* AppDelegate.swift in Sources */,
				C03257091D995B5F0023BD42 /* TaskTableViewCell.swift in Sources */,
				C0C7AA861D9ACEBE00060885 /* FMDatabaseAdditions.m in Sources */,
				C0C7AA631D9AAFCD00060885 /* TaskDatabase.swift in Sources */,
				C0C7AA881D9ACEBE00060885 /* FMDatabaseQueue.m in Sources */,
				C0C7AA871D9ACEBE00060885 /* FMDatabasePool.m in Sources */,
				C0C7AA5D1D9AAC9A00060885 /* Tarea.swift in Sources */,
				C0C7AA5F1D9AACAC00060885 /* Ocurrencia.swift in Sources */,
			);
			runOnlyForDeploymentPostprocessing = 0;
		};
/* End PBXSourcesBuildPhase section */

/* Begin PBXVariantGroup section */
		C0A5E1F41D905F4D00B66568 /* Main.storyboard */ = {
			isa = PBXVariantGroup;
			children = (
				C0A5E1F51D905F4D00B66568 /* Base */,
			);
			name = Main.storyboard;
			sourceTree = "<group>";
		};
		C0E8A40A1D9985120054C0B0 /* Localizable.strings */ = {
			isa = PBXVariantGroup;
			children = (
				C0E8A40C1D9985320054C0B0 /* en */,
				C0E8A40F1D9985DC0054C0B0 /* es */,
			);
			name = Localizable.strings;
			path = ..;
			sourceTree = "<group>";
		};
/* End PBXVariantGroup section */

/* Begin XCBuildConfiguration section */
		C0A5E1FD1D905F4D00B66568 /* Debug */ = {
			isa = XCBuildConfiguration;
			buildSettings = {
				ALWAYS_SEARCH_USER_PATHS = NO;
				CLANG_ANALYZER_LOCALIZABILITY_NONLOCALIZED = YES;
				CLANG_ANALYZER_NONNULL = YES;
				CLANG_CXX_LANGUAGE_STANDARD = "gnu++0x";
				CLANG_CXX_LIBRARY = "libc++";
				CLANG_ENABLE_MODULES = YES;
				CLANG_ENABLE_OBJC_ARC = YES;
				CLANG_WARN_BOOL_CONVERSION = YES;
				CLANG_WARN_CONSTANT_CONVERSION = YES;
				CLANG_WARN_DIRECT_OBJC_ISA_USAGE = YES_ERROR;
				CLANG_WARN_EMPTY_BODY = YES;
				CLANG_WARN_ENUM_CONVERSION = YES;
				CLANG_WARN_INFINITE_RECURSION = YES;
				CLANG_WARN_INT_CONVERSION = YES;
				CLANG_WARN_OBJC_ROOT_CLASS = YES_ERROR;
				CLANG_WARN_SUSPICIOUS_MOVE = YES;
				CLANG_WARN_UNREACHABLE_CODE = YES;
				CLANG_WARN__DUPLICATE_METHOD_MATCH = YES;
				CODE_SIGN_IDENTITY = "iPhone Developer: Alberto Banet Masa (E596P9AF2H)";
				"CODE_SIGN_IDENTITY[sdk=iphoneos*]" = "iPhone Developer";
				COPY_PHASE_STRIP = NO;
				DEBUG_INFORMATION_FORMAT = dwarf;
				ENABLE_STRICT_OBJC_MSGSEND = YES;
				ENABLE_TESTABILITY = YES;
				GCC_C_LANGUAGE_STANDARD = gnu99;
				GCC_DYNAMIC_NO_PIC = NO;
				GCC_NO_COMMON_BLOCKS = YES;
				GCC_OPTIMIZATION_LEVEL = 0;
				GCC_PREPROCESSOR_DEFINITIONS = (
					"DEBUG=1",
					"$(inherited)",
				);
				GCC_WARN_64_TO_32_BIT_CONVERSION = YES;
				GCC_WARN_ABOUT_RETURN_TYPE = YES_ERROR;
				GCC_WARN_UNDECLARED_SELECTOR = YES;
				GCC_WARN_UNINITIALIZED_AUTOS = YES_AGGRESSIVE;
				GCC_WARN_UNUSED_FUNCTION = YES;
				GCC_WARN_UNUSED_VARIABLE = YES;
				IPHONEOS_DEPLOYMENT_TARGET = 9.3;
				MTL_ENABLE_DEBUG_INFO = YES;
				ONLY_ACTIVE_ARCH = YES;
				SDKROOT = iphoneos;
				SWIFT_OPTIMIZATION_LEVEL = "-Onone";
			};
			name = Debug;
		};
		C0A5E1FE1D905F4D00B66568 /* Release */ = {
			isa = XCBuildConfiguration;
			buildSettings = {
				ALWAYS_SEARCH_USER_PATHS = NO;
				CLANG_ANALYZER_LOCALIZABILITY_NONLOCALIZED = YES;
				CLANG_ANALYZER_NONNULL = YES;
				CLANG_CXX_LANGUAGE_STANDARD = "gnu++0x";
				CLANG_CXX_LIBRARY = "libc++";
				CLANG_ENABLE_MODULES = YES;
				CLANG_ENABLE_OBJC_ARC = YES;
				CLANG_WARN_BOOL_CONVERSION = YES;
				CLANG_WARN_CONSTANT_CONVERSION = YES;
				CLANG_WARN_DIRECT_OBJC_ISA_USAGE = YES_ERROR;
				CLANG_WARN_EMPTY_BODY = YES;
				CLANG_WARN_ENUM_CONVERSION = YES;
				CLANG_WARN_INFINITE_RECURSION = YES;
				CLANG_WARN_INT_CONVERSION = YES;
				CLANG_WARN_OBJC_ROOT_CLASS = YES_ERROR;
				CLANG_WARN_SUSPICIOUS_MOVE = YES;
				CLANG_WARN_UNREACHABLE_CODE = YES;
				CLANG_WARN__DUPLICATE_METHOD_MATCH = YES;
				CODE_SIGN_IDENTITY = "iPhone Developer: Alberto Banet Masa (E596P9AF2H)";
				"CODE_SIGN_IDENTITY[sdk=iphoneos*]" = "iPhone Developer";
				COPY_PHASE_STRIP = NO;
				DEBUG_INFORMATION_FORMAT = "dwarf-with-dsym";
				ENABLE_NS_ASSERTIONS = NO;
				ENABLE_STRICT_OBJC_MSGSEND = YES;
				GCC_C_LANGUAGE_STANDARD = gnu99;
				GCC_NO_COMMON_BLOCKS = YES;
				GCC_WARN_64_TO_32_BIT_CONVERSION = YES;
				GCC_WARN_ABOUT_RETURN_TYPE = YES_ERROR;
				GCC_WARN_UNDECLARED_SELECTOR = YES;
				GCC_WARN_UNINITIALIZED_AUTOS = YES_AGGRESSIVE;
				GCC_WARN_UNUSED_FUNCTION = YES;
				GCC_WARN_UNUSED_VARIABLE = YES;
				IPHONEOS_DEPLOYMENT_TARGET = 9.3;
				MTL_ENABLE_DEBUG_INFO = NO;
				SDKROOT = iphoneos;
				SWIFT_OPTIMIZATION_LEVEL = "-Owholemodule";
				VALIDATE_PRODUCT = YES;
			};
			name = Release;
		};
		C0A5E2001D905F4D00B66568 /* Debug */ = {
			isa = XCBuildConfiguration;
			buildSettings = {
				ASSETCATALOG_COMPILER_APPICON_NAME = AppIcon;
				ASSETCATALOG_COMPILER_LAUNCHIMAGE_NAME = LaunchImage;
				CLANG_ENABLE_MODULES = YES;
				DEVELOPMENT_TEAM = FLU98JG66T;
				INFOPLIST_FILE = cronoTask/Info.plist;
				IPHONEOS_DEPLOYMENT_TARGET = 8.0;
				LD_RUNPATH_SEARCH_PATHS = "$(inherited) @executable_path/Frameworks";
				PRODUCT_BUNDLE_IDENTIFIER = es.codigoswift.cronoTask;
				PRODUCT_NAME = "$(TARGET_NAME)";
				SWIFT_OBJC_BRIDGING_HEADER = "cronoTask/cronoTask-Bridging-Header.h";
				SWIFT_OPTIMIZATION_LEVEL = "-Onone";
				SWIFT_VERSION = 3.0;
			};
			name = Debug;
		};
		C0A5E2011D905F4D00B66568 /* Release */ = {
			isa = XCBuildConfiguration;
			buildSettings = {
				ASSETCATALOG_COMPILER_APPICON_NAME = AppIcon;
				ASSETCATALOG_COMPILER_LAUNCHIMAGE_NAME = LaunchImage;
				CLANG_ENABLE_MODULES = YES;
				DEVELOPMENT_TEAM = FLU98JG66T;
				INFOPLIST_FILE = cronoTask/Info.plist;
				IPHONEOS_DEPLOYMENT_TARGET = 8.0;
				LD_RUNPATH_SEARCH_PATHS = "$(inherited) @executable_path/Frameworks";
				PRODUCT_BUNDLE_IDENTIFIER = es.codigoswift.cronoTask;
				PRODUCT_NAME = "$(TARGET_NAME)";
				SWIFT_OBJC_BRIDGING_HEADER = "cronoTask/cronoTask-Bridging-Header.h";
				SWIFT_VERSION = 3.0;
			};
			name = Release;
		};
/* End XCBuildConfiguration section */

/* Begin XCConfigurationList section */
		C0A5E1E81D905F4D00B66568 /* Build configuration list for PBXProject "cronoTask" */ = {
			isa = XCConfigurationList;
			buildConfigurations = (
				C0A5E1FD1D905F4D00B66568 /* Debug */,
				C0A5E1FE1D905F4D00B66568 /* Release */,
			);
			defaultConfigurationIsVisible = 0;
			defaultConfigurationName = Release;
		};
		C0A5E1FF1D905F4D00B66568 /* Build configuration list for PBXNativeTarget "cronoTask" */ = {
			isa = XCConfigurationList;
			buildConfigurations = (
				C0A5E2001D905F4D00B66568 /* Debug */,
				C0A5E2011D905F4D00B66568 /* Release */,
			);
			defaultConfigurationIsVisible = 0;
			defaultConfigurationName = Release;
		};
/* End XCConfigurationList section */
	};
	rootObject = C0A5E1E51D905F4D00B66568 /* Project object */;
}
